
Microsoft Visual Studio Solution File, Format Version 12.00
# Visual Studio 2013
VisualStudioVersion = 12.0.21005.1
MinimumVisualStudioVersion = 10.0.40219.1
Project("{FAE04EC0-301F-11D3-BF4B-00C04F79EFBC}") = "LojaRoupasMVCv6", "LojaRoupasMVCv6\LojaRoupasMVCv6.csproj", "{D6159496-AC9F-4E94-A9B1-1B55DA4C107C}"
EndProject
Global
	GlobalSection(SolutionConfigurationPlatforms) = preSolution
		Debug|Any CPU = Debug|Any CPU
		Release|Any CPU = Release|Any CPU
	EndGlobalSection
	GlobalSection(ProjectConfigurationPlatforms) = postSolution
		{D6159496-AC9F-4E94-A9B1-1B55DA4C107C}.Debug|Any CPU.ActiveCfg = Debug|Any CPU
		{D6159496-AC9F-4E94-A9B1-1B55DA4C107C}.Debug|Any CPU.Build.0 = Debug|Any CPU
		{D6159496-AC9F-4E94-A9B1-1B55DA4C107C}.Release|Any CPU.ActiveCfg = Release|Any CPU
		{D6159496-AC9F-4E94-A9B1-1B55DA4C107C}.Release|Any CPU.Build.0 = Release|Any CPU
	EndGlobalSection
	GlobalSection(SolutionProperties) = preSolution
		HideSolutionNode = FALSE
	EndGlobalSection
EndGlobal
